
Microsoft Visual Studio Solution File, Format Version 12.00
# Visual Studio Version 17
VisualStudioVersion = 17.7.34202.233
MinimumVisualStudioVersion = 10.0.40219.1
Project("{FAE04EC0-301F-11D3-BF4B-00C04F79EFBC}") = "TicTacToe", "TicTacToe.csproj", "{25BFB130-6E86-402C-86CF-19BFCA6C948B}"
EndProject
Global
	GlobalSection(SolutionConfigurationPlatforms) = preSolution
		Debug|Any CPU = Debug|Any CPU
		Release|Any CPU = Release|Any CPU
	EndGlobalSection
	GlobalSection(ProjectConfigurationPlatforms) = postSolution
		{25BFB130-6E86-402C-86CF-19BFCA6C948B}.Debug|Any CPU.ActiveCfg = Debug|Any CPU
		{25BFB130-6E86-402C-86CF-19BFCA6C948B}.Debug|Any CPU.Build.0 = Debug|Any CPU
		{25BFB130-6E86-402C-86CF-19BFCA6C948B}.Release|Any CPU.ActiveCfg = Release|Any CPU
		{25BFB130-6E86-402C-86CF-19BFCA6C948B}.Release|Any CPU.Build.0 = Release|Any CPU
	EndGlobalSection
	GlobalSection(SolutionProperties) = preSolution
		HideSolutionNode = FALSE
	EndGlobalSection
	GlobalSection(ExtensibilityGlobals) = postSolution
		SolutionGuid = {9C0A0F0A-D8DA-487D-BA83-9D0C02C66661}
	EndGlobalSection
EndGlobal
